
Microsoft Visual Studio Solution File, Format Version 12.00
# Visual Studio Version 17
VisualStudioVersion = 17.3.32929.385
MinimumVisualStudioVersion = 10.0.40219.1
Project("{9A19103F-16F7-4668-BE54-9A1E7A4F7556}") = "Projekt", "Projekt\Projekt.csproj", "{270B1984-6BBB-42F8-933A-19E5EBC4548D}"
EndProject
Project("{9A19103F-16F7-4668-BE54-9A1E7A4F7556}") = "Models", "Models\Models.csproj", "{26923770-557D-4188-A180-57A804F81F7E}"
EndProject
Project("{9A19103F-16F7-4668-BE54-9A1E7A4F7556}") = "NBPApi", "NBPApi\NBPApi.csproj", "{2493AE73-C5B1-4B17-97FA-273679C48466}"
EndProject
Global
	GlobalSection(SolutionConfigurationPlatforms) = preSolution
		Debug|Any CPU = Debug|Any CPU
		Release|Any CPU = Release|Any CPU
	EndGlobalSection
	GlobalSection(ProjectConfigurationPlatforms) = postSolution
		{270B1984-6BBB-42F8-933A-19E5EBC4548D}.Debug|Any CPU.ActiveCfg = Debug|Any CPU
		{270B1984-6BBB-42F8-933A-19E5EBC4548D}.Debug|Any CPU.Build.0 = Debug|Any CPU
		{270B1984-6BBB-42F8-933A-19E5EBC4548D}.Release|Any CPU.ActiveCfg = Release|Any CPU
		{270B1984-6BBB-42F8-933A-19E5EBC4548D}.Release|Any CPU.Build.0 = Release|Any CPU
		{26923770-557D-4188-A180-57A804F81F7E}.Debug|Any CPU.ActiveCfg = Debug|Any CPU
		{26923770-557D-4188-A180-57A804F81F7E}.Debug|Any CPU.Build.0 = Debug|Any CPU
		{26923770-557D-4188-A180-57A804F81F7E}.Release|Any CPU.ActiveCfg = Release|Any CPU
		{26923770-557D-4188-A180-57A804F81F7E}.Release|Any CPU.Build.0 = Release|Any CPU
		{2493AE73-C5B1-4B17-97FA-273679C48466}.Debug|Any CPU.ActiveCfg = Debug|Any CPU
		{2493AE73-C5B1-4B17-97FA-273679C48466}.Debug|Any CPU.Build.0 = Debug|Any CPU
		{2493AE73-C5B1-4B17-97FA-273679C48466}.Release|Any CPU.ActiveCfg = Release|Any CPU
		{2493AE73-C5B1-4B17-97FA-273679C48466}.Release|Any CPU.Build.0 = Release|Any CPU
	EndGlobalSection
	GlobalSection(SolutionProperties) = preSolution
		HideSolutionNode = FALSE
	EndGlobalSection
	GlobalSection(ExtensibilityGlobals) = postSolution
		SolutionGuid = {DE5F86A7-7012-4240-AA42-A1A0FFA0013E}
	EndGlobalSection
EndGlobal
